{
  "version": "5",
  "redirects": {
    "https://esm.sh/@supabase/supabase-js@2": "https://esm.sh/@supabase/supabase-js@2.75.0",
    "https://esm.sh/tr46@~0.0.3?target=denonext": "https://esm.sh/tr46@0.0.3?target=denonext",
    "https://esm.sh/webidl-conversions@^3.0.0?target=denonext": "https://esm.sh/webidl-conversions@3.0.1?target=denonext",
    "https://esm.sh/whatwg-url@^5.0.0?target=denonext": "https://esm.sh/whatwg-url@5.0.0?target=denonext"
  },
  "remote": {
    "https://deno.land/std@0.177.0/async/abortable.ts": "73acfb3ed7261ce0d930dbe89e43db8d34e017b063cf0eaa7d215477bf53442e",
    "https://deno.land/std@0.177.0/async/deadline.ts": "c5facb0b404eede83e38bd2717ea8ab34faa2ffb20ef87fd261fcba32ba307aa",
    "https://deno.land/std@0.177.0/async/debounce.ts": "adab11d04ca38d699444ac8a9d9856b4155e8dda2afd07ce78276c01ea5a4332",
    "https://deno.land/std@0.177.0/async/deferred.ts": "42790112f36a75a57db4a96d33974a936deb7b04d25c6084a9fa8a49f135def8",
    "https://deno.land/std@0.177.0/async/delay.ts": "73aa04cec034c84fc748c7be49bb15cac3dd43a57174bfdb7a4aec22c248f0dd",
    "https://deno.land/std@0.177.0/async/mod.ts": "f04344fa21738e5ad6bea37a6bfffd57c617c2d372bb9f9dcfd118a1b622e576",
    "https://deno.land/std@0.177.0/async/mux_async_iterator.ts": "70c7f2ee4e9466161350473ad61cac0b9f115cff4c552eaa7ef9d50c4cbb4cc9",
    "https://deno.land/std@0.177.0/async/pool.ts": "fd082bd4aaf26445909889435a5c74334c017847842ec035739b4ae637ae8260",
    "https://deno.land/std@0.177.0/async/retry.ts": "5efa3ba450ac0c07a40a82e2df296287b5013755d232049efd7ea2244f15b20f",
    "https://deno.land/std@0.177.0/async/tee.ts": "47e42d35f622650b02234d43803d0383a89eb4387e1b83b5a40106d18ae36757",
    "https://deno.land/std@0.177.0/fmt/colors.ts": "938c5d44d889fb82eff6c358bea8baa7e85950a16c9f6dae3ec3a7a729164471",
    "https://deno.land/std@0.177.0/http/server.ts": "cbb17b594651215ba95c01a395700684e569c165a567e4e04bba327f41197433",
    "https://deno.land/std@0.177.0/testing/_diff.ts": "1a3c044aedf77647d6cac86b798c6417603361b66b54c53331b312caeb447aea",
    "https://deno.land/std@0.177.0/testing/_format.ts": "a69126e8a469009adf4cf2a50af889aca364c349797e63174884a52ff75cf4c7",
    "https://deno.land/std@0.177.0/testing/asserts.ts": "984ab0bfb3faeed92ffaa3a6b06536c66811185328c5dd146257c702c41b01ab",
    "https://esm.sh/@supabase/auth-js@2.75.0/denonext/auth-js.mjs": "430a8a8de6764682d846fbffcf1f82957393bb708c5b37f479bd350572ad9661",
    "https://esm.sh/@supabase/functions-js@2.75.0/denonext/functions-js.mjs": "bcd848bbed8650f8465f73840f7ef7c288f4922db3f8a15471eaa0a8115ff386",
    "https://esm.sh/@supabase/node-fetch@2.6.15/denonext/node-fetch.mjs": "0bae9052231f4f6dbccc7234d05ea96923dbf967be12f402764580b6bf9f713d",
    "https://esm.sh/@supabase/postgrest-js@2.75.0/denonext/postgrest-js.mjs": "0aecc5e89bdb6ec1dc4c6261db9fe593c4d8e5fc043c452db38f2a41a3313d4a",
    "https://esm.sh/@supabase/realtime-js@2.75.0/denonext/realtime-js.mjs": "bc08511459399892d0fbe0327d39f037879228ca1ec2148adc6a82e21ed476e7",
    "https://esm.sh/@supabase/storage-js@2.75.0/denonext/storage-js.mjs": "58ea911c641ef0804bbad1af0949f3bc7a07cd611c1205862a1e83d3930de4af",
    "https://esm.sh/@supabase/supabase-js@2.75.0": "2560166a94e3385c37b1c4fa943ee9c729a44e92fc9c61c03037852dc494853e",
    "https://esm.sh/@supabase/supabase-js@2.75.0/denonext/supabase-js.mjs": "01b2173b174f48646d07ab419216688a424a23dffee6d1b74db5a87046fa9759",
    "https://esm.sh/inngest@3.16.1": "7e507089b8d3e8b8d7c5b680c04af51ca361f58cb5078422db8c3dc00e2a7b28",
    "https://esm.sh/tr46@0.0.3/denonext/tr46.mjs": "5753ec0a99414f4055f0c1f97691100f13d88e48a8443b00aebb90a512785fa2",
    "https://esm.sh/tr46@0.0.3?target=denonext": "19cb9be0f0d418a0c3abb81f2df31f080e9540a04e43b0f699bce1149cba0cbb",
    "https://esm.sh/webidl-conversions@3.0.1/denonext/webidl-conversions.mjs": "54b5c2d50a294853c4ccebf9d5ed8988c94f4e24e463d84ec859a866ea5fafec",
    "https://esm.sh/webidl-conversions@3.0.1?target=denonext": "4e20318d50528084616c79d7b3f6e7f0fe7b6d09013bd01b3974d7448d767e29",
    "https://esm.sh/whatwg-url@5.0.0/denonext/whatwg-url.mjs": "29b16d74ee72624c915745bbd25b617cfd2248c6af0f5120d131e232a9a9af79",
    "https://esm.sh/whatwg-url@5.0.0?target=denonext": "f001a2cadf81312d214ca330033f474e74d81a003e21e8c5d70a1f46dc97b02d"
  },
  "workspace": {
    "packageJson": {
      "dependencies": [
        "npm:@actions/core@^1.11.1",
        "npm:@actions/github@^6.0.1",
        "npm:@continuedev/cli@^1.4.44",
        "npm:@eslint/js@^9.11.1",
        "npm:@hookform/resolvers@^3.9.0",
        "npm:@iarna/toml@^2.2.5",
        "npm:@iconify/json@^2.2.367",
        "npm:@mdx-js/react@^2.3.0",
        "npm:@netlify/functions@^4.2.5",
        "npm:@nivo/scatterplot@0.99",
        "npm:@octokit/auth-app@^8.0.2",
        "npm:@octokit/graphql@^9.0.1",
        "npm:@octokit/plugin-throttling@^11.0.1",
        "npm:@octokit/rest@22",
        "npm:@playwright/test@^1.54.1",
        "npm:@polar-sh/nextjs@~0.4.6",
        "npm:@polar-sh/sdk@~0.34.16",
        "npm:@radix-ui/react-accordion@^1.2.0",
        "npm:@radix-ui/react-alert-dialog@^1.1.1",
        "npm:@radix-ui/react-aspect-ratio@^1.1.7",
        "npm:@radix-ui/react-avatar@^1.1.0",
        "npm:@radix-ui/react-checkbox@^1.1.1",
        "npm:@radix-ui/react-collapsible@^1.1.0",
        "npm:@radix-ui/react-context-menu@^2.2.16",
        "npm:@radix-ui/react-dialog@^1.1.1",
        "npm:@radix-ui/react-dropdown-menu@^2.1.16",
        "npm:@radix-ui/react-hover-card@^1.1.7",
        "npm:@radix-ui/react-label@^2.1.7",
        "npm:@radix-ui/react-menubar@^1.1.1",
        "npm:@radix-ui/react-navigation-menu@^1.2.0",
        "npm:@radix-ui/react-popover@^1.1.1",
        "npm:@radix-ui/react-progress@^1.1.0",
        "npm:@radix-ui/react-radio-group@^1.2.0",
        "npm:@radix-ui/react-scroll-area@^1.1.0",
        "npm:@radix-ui/react-select@^2.1.1",
        "npm:@radix-ui/react-separator@^1.1.7",
        "npm:@radix-ui/react-slider@^1.2.0",
        "npm:@radix-ui/react-slot@^1.1.0",
        "npm:@radix-ui/react-switch@^1.1.0",
        "npm:@radix-ui/react-tabs@^1.1.0",
        "npm:@radix-ui/react-toast@^1.2.15",
        "npm:@radix-ui/react-toggle-group@^1.1.0",
        "npm:@radix-ui/react-toggle@^1.1.0",
        "npm:@radix-ui/react-tooltip@^1.1.2",
        "npm:@react-spring/web@^10.0.3",
        "npm:@storybook/addon-a11y@^8.6.14",
        "npm:@storybook/addon-docs@^8.6.14",
        "npm:@storybook/addon-essentials@^8.6.14",
        "npm:@storybook/addon-interactions@^8.6.14",
        "npm:@storybook/addon-onboarding@^8.6.14",
        "npm:@storybook/react-vite@^8.6.14",
        "npm:@storybook/test-runner@0.23",
        "npm:@storybook/test@^8.6.14",
        "npm:@supabase/supabase-js@^2.39.8",
        "npm:@tailwindcss/typography@~0.5.16",
        "npm:@tanstack/react-query@^5.90.2",
        "npm:@tanstack/react-table@^8.21.3",
        "npm:@tanstack/react-virtual@^3.13.12",
        "npm:@testing-library/jest-dom@^6.6.3",
        "npm:@testing-library/react@^16.3.0",
        "npm:@testing-library/user-event@^14.6.1",
        "npm:@types/dompurify@^3.0.5",
        "npm:@types/html2canvas@~0.5.35",
        "npm:@types/js-yaml@^4.0.9",
        "npm:@types/minimatch@^5.1.2",
        "npm:@types/node@^22.7.3",
        "npm:@types/react-dom@^18.3.0",
        "npm:@types/react@^18.3.9",
        "npm:@vitejs/plugin-react-swc@^3.11.0",
        "npm:@vitejs/plugin-react@^4.3.1",
        "npm:@vitest/coverage-v8@^3.1.1",
        "npm:@vitest/ui@^3.2.4",
        "npm:@xenova/transformers@^2.17.2",
        "npm:@zumer/snapdom@^1.7.1",
        "npm:autoprefixer@^10.4.21",
        "npm:class-variance-authority@0.7",
        "npm:clsx@^2.1.1",
        "npm:cmdk@1",
        "npm:concurrently@^9.1.2",
        "npm:date-fns@^3.6.0",
        "npm:dompurify@^3.2.7",
        "npm:dotenv@^16.6.1",
        "npm:dub@~0.66.4",
        "npm:embla-carousel-react@^8.3.0",
        "npm:eslint-config-prettier@^10.1.8",
        "npm:eslint-plugin-prettier@^5.5.4",
        "npm:eslint-plugin-react-hooks@^5.1.0-rc.0",
        "npm:eslint-plugin-react-refresh@~0.4.12",
        "npm:eslint-plugin-storybook@~0.11.6",
        "npm:eslint@^9.11.1",
        "npm:globals@^15.9.0",
        "npm:html2canvas@^1.4.1",
        "npm:http-server@^14.1.1",
        "npm:husky@^9.1.7",
        "npm:inngest@^3.41.0",
        "npm:input-otp@^1.2.4",
        "npm:js-yaml@^4.1.0",
        "npm:jsdom@^26.1.0",
        "npm:lighthouse@^12.7.1",
        "npm:lightningcss@^1.30.1",
        "npm:lint-staged@^16.1.5",
        "npm:lucide-react@0.544",
        "npm:marked@^16.1.2",
        "npm:minimatch@^10.0.3",
        "npm:msw@^2.10.4",
        "npm:next-themes@0.3",
        "npm:nock@^14.0.4",
        "npm:openai@^5.22.0",
        "npm:playwright@^1.53.0",
        "npm:postcss@^8.4.47",
        "npm:posthog-js@^1.268.6",
        "npm:prettier@^3.6.2",
        "npm:react-day-picker@^9.6.7",
        "npm:react-dom@^18.3.1",
        "npm:react-helmet-async@^2.0.5",
        "npm:react-hook-form@^7.53.0",
        "npm:react-markdown@^9.0.1",
        "npm:react-resizable-panels@^2.1.3",
        "npm:react-router-dom@^6.22.3",
        "npm:react@^18.3.1",
        "npm:recharts@^2.12.7",
        "npm:rolldown@^1.0.0-beta.26",
        "npm:sharp@~0.34.3",
        "npm:sonner@^1.5.0",
        "npm:storybook@^8.6.14",
        "npm:svg-sprite@^2.0.4",
        "npm:svgo@4",
        "npm:tailwind-merge@^2.5.2",
        "npm:tailwindcss-animate@^1.0.7",
        "npm:tailwindcss@^3.4.13",
        "npm:tsx@^4.19.2",
        "npm:typescript-eslint@^8.7.0",
        "npm:typescript@^5.5.3",
        "npm:unplugin-icons@^22.2.0",
        "npm:uplot@^1.6.32",
        "npm:vaul@1",
        "npm:vite-imagetools@^7.1.0",
        "npm:vite@^6.3.5",
        "npm:vitest@^3.1.1",
        "npm:wait-on@^8.0.3",
        "npm:web-vitals@^5.1.0",
        "npm:zod@^3.23.8",
        "npm:zustand@^5.0.3"
      ]
    }
  }
}
